// !$*UTF8*$!
{
	archiveVersion = 1;
	classes = {
	};
	objectVersion = 50;
	objects = {

/* Begin PBXBuildFile section */
		10DCB5B45188781389A70067 /* Pods_QuizCardApp.framework in Frameworks */ = {isa = PBXBuildFile; fileRef = D2BEC5CEAE202FA0E127AFE0 /* Pods_QuizCardApp.framework */; };
		407775F6267EFAF7006F2148 /* AppDelegate.swift in Sources */ = {isa = PBXBuildFile; fileRef = 407775F5267EFAF7006F2148 /* AppDelegate.swift */; };
		407775F8267EFAF7006F2148 /* SceneDelegate.swift in Sources */ = {isa = PBXBuildFile; fileRef = 407775F7267EFAF7006F2148 /* SceneDelegate.swift */; };
		407775FA267EFAF7006F2148 /* ViewController.swift in Sources */ = {isa = PBXBuildFile; fileRef = 407775F9267EFAF7006F2148 /* ViewController.swift */; };
		407775FD267EFAF7006F2148 /* Main.storyboard in Resources */ = {isa = PBXBuildFile; fileRef = 407775FB267EFAF7006F2148 /* Main.storyboard */; };
		407775FF267EFAFA006F2148 /* Assets.xcassets in Resources */ = {isa = PBXBuildFile; fileRef = 407775FE267EFAFA006F2148 /* Assets.xcassets */; };
		40777602267EFAFA006F2148 /* LaunchScreen.storyboard in Resources */ = {isa = PBXBuildFile; fileRef = 40777600267EFAFA006F2148 /* LaunchScreen.storyboard */; };
		4077760D267EFAFB006F2148 /* QuizCardAppTests.swift in Sources */ = {isa = PBXBuildFile; fileRef = 4077760C267EFAFB006F2148 /* QuizCardAppTests.swift */; };
		40777618267EFAFB006F2148 /* QuizCardAppUITests.swift in Sources */ = {isa = PBXBuildFile; fileRef = 40777617267EFAFB006F2148 /* QuizCardAppUITests.swift */; };
		4EFCE038B1E4A8E755D45D1A /* Pods_QuizCardAppTests.framework in Frameworks */ = {isa = PBXBuildFile; fileRef = 417C3B0C6DF5DBE66CFB2C7D /* Pods_QuizCardAppTests.framework */; };
		A37A1C6E25BB33ABDB450E42 /* Pods_QuizCardApp_QuizCardAppUITests.framework in Frameworks */ = {isa = PBXBuildFile; fileRef = 4897708C5A48F2C91EC715D6 /* Pods_QuizCardApp_QuizCardAppUITests.framework */; };
/* End PBXBuildFile section */

/* Begin PBXContainerItemProxy section */
		40777609267EFAFB006F2148 /* PBXContainerItemProxy */ = {
			isa = PBXContainerItemProxy;
			containerPortal = 407775EA267EFAF7006F2148 /* Project object */;
			proxyType = 1;
			remoteGlobalIDString = 407775F1267EFAF7006F2148;
			remoteInfo = QuizCardApp;
		};
		40777614267EFAFB006F2148 /* PBXContainerItemProxy */ = {
			isa = PBXContainerItemProxy;
			containerPortal = 407775EA267EFAF7006F2148 /* Project object */;
			proxyType = 1;
			remoteGlobalIDString = 407775F1267EFAF7006F2148;
			remoteInfo = QuizCardApp;
		};
/* End PBXContainerItemProxy section */

/* Begin PBXFileReference section */
		407775F2267EFAF7006F2148 /* QuizCardApp.app */ = {isa = PBXFileReference; explicitFileType = wrapper.application; includeInIndex = 0; path = QuizCardApp.app; sourceTree = BUILT_PRODUCTS_DIR; };
		407775F5267EFAF7006F2148 /* AppDelegate.swift */ = {isa = PBXFileReference; lastKnownFileType = sourcecode.swift; path = AppDelegate.swift; sourceTree = "<group>"; };
		407775F7267EFAF7006F2148 /* SceneDelegate.swift */ = {isa = PBXFileReference; lastKnownFileType = sourcecode.swift; path = SceneDelegate.swift; sourceTree = "<group>"; };
		407775F9267EFAF7006F2148 /* ViewController.swift */ = {isa = PBXFileReference; lastKnownFileType = sourcecode.swift; path = ViewController.swift; sourceTree = "<group>"; };
		407775FC267EFAF7006F2148 /* Base */ = {isa = PBXFileReference; lastKnownFileType = file.storyboard; name = Base; path = Base.lproj/Main.storyboard; sourceTree = "<group>"; };
		407775FE267EFAFA006F2148 /* Assets.xcassets */ = {isa = PBXFileReference; lastKnownFileType = folder.assetcatalog; path = Assets.xcassets; sourceTree = "<group>"; };
		40777601267EFAFA006F2148 /* Base */ = {isa = PBXFileReference; lastKnownFileType = file.storyboard; name = Base; path = Base.lproj/LaunchScreen.storyboard; sourceTree = "<group>"; };
		40777603267EFAFA006F2148 /* Info.plist */ = {isa = PBXFileReference; lastKnownFileType = text.plist.xml; path = Info.plist; sourceTree = "<group>"; };
		40777608267EFAFB006F2148 /* QuizCardAppTests.xctest */ = {isa = PBXFileReference; explicitFileType = wrapper.cfbundle; includeInIndex = 0; path = QuizCardAppTests.xctest; sourceTree = BUILT_PRODUCTS_DIR; };
		4077760C267EFAFB006F2148 /* QuizCardAppTests.swift */ = {isa = PBXFileReference; lastKnownFileType = sourcecode.swift; path = QuizCardAppTests.swift; sourceTree = "<group>"; };
		4077760E267EFAFB006F2148 /* Info.plist */ = {isa = PBXFileReference; lastKnownFileType = text.plist.xml; path = Info.plist; sourceTree = "<group>"; };
		40777613267EFAFB006F2148 /* QuizCardAppUITests.xctest */ = {isa = PBXFileReference; explicitFileType = wrapper.cfbundle; includeInIndex = 0; path = QuizCardAppUITests.xctest; sourceTree = BUILT_PRODUCTS_DIR; };
		40777617267EFAFB006F2148 /* QuizCardAppUITests.swift */ = {isa = PBXFileReference; lastKnownFileType = sourcecode.swift; path = QuizCardAppUITests.swift; sourceTree = "<group>"; };
		40777619267EFAFB006F2148 /* Info.plist */ = {isa = PBXFileReference; lastKnownFileType = text.plist.xml; path = Info.plist; sourceTree = "<group>"; };
		417C3B0C6DF5DBE66CFB2C7D /* Pods_QuizCardAppTests.framework */ = {isa = PBXFileReference; explicitFileType = wrapper.framework; includeInIndex = 0; path = Pods_QuizCardAppTests.framework; sourceTree = BUILT_PRODUCTS_DIR; };
		4897708C5A48F2C91EC715D6 /* Pods_QuizCardApp_QuizCardAppUITests.framework */ = {isa = PBXFileReference; explicitFileType = wrapper.framework; includeInIndex = 0; path = Pods_QuizCardApp_QuizCardAppUITests.framework; sourceTree = BUILT_PRODUCTS_DIR; };
		66A9B217EB68F5C2DECD0DAD /* Pods-QuizCardAppTests.debug.xcconfig */ = {isa = PBXFileReference; includeInIndex = 1; lastKnownFileType = text.xcconfig; name = "Pods-QuizCardAppTests.debug.xcconfig"; path = "Target Support Files/Pods-QuizCardAppTests/Pods-QuizCardAppTests.debug.xcconfig"; sourceTree = "<group>"; };
		6763540B6E4CCE4CF75C07EF /* Pods-QuizCardAppTests.release.xcconfig */ = {isa = PBXFileReference; includeInIndex = 1; lastKnownFileType = text.xcconfig; name = "Pods-QuizCardAppTests.release.xcconfig"; path = "Target Support Files/Pods-QuizCardAppTests/Pods-QuizCardAppTests.release.xcconfig"; sourceTree = "<group>"; };
		775CD157D037FC61E9CE821A /* Pods-QuizCardApp.release.xcconfig */ = {isa = PBXFileReference; includeInIndex = 1; lastKnownFileType = text.xcconfig; name = "Pods-QuizCardApp.release.xcconfig"; path = "Target Support Files/Pods-QuizCardApp/Pods-QuizCardApp.release.xcconfig"; sourceTree = "<group>"; };
		BC9269748B696D0B8BE7EC5D /* Pods-QuizCardApp.debug.xcconfig */ = {isa = PBXFileReference; includeInIndex = 1; lastKnownFileType = text.xcconfig; name = "Pods-QuizCardApp.debug.xcconfig"; path = "Target Support Files/Pods-QuizCardApp/Pods-QuizCardApp.debug.xcconfig"; sourceTree = "<group>"; };
		C2197A80762ED2DF4DE2AC67 /* Pods-QuizCardApp-QuizCardAppUITests.debug.xcconfig */ = {isa = PBXFileReference; includeInIndex = 1; lastKnownFileType = text.xcconfig; name = "Pods-QuizCardApp-QuizCardAppUITests.debug.xcconfig"; path = "Target Support Files/Pods-QuizCardApp-QuizCardAppUITests/Pods-QuizCardApp-QuizCardAppUITests.debug.xcconfig"; sourceTree = "<group>"; };
		D2BEC5CEAE202FA0E127AFE0 /* Pods_QuizCardApp.framework */ = {isa = PBXFileReference; explicitFileType = wrapper.framework; includeInIndex = 0; path = Pods_QuizCardApp.framework; sourceTree = BUILT_PRODUCTS_DIR; };
		E835824962D2C6459F004A26 /* Pods-QuizCardApp-QuizCardAppUITests.release.xcconfig */ = {isa = PBXFileReference; includeInIndex = 1; lastKnownFileType = text.xcconfig; name = "Pods-QuizCardApp-QuizCardAppUITests.release.xcconfig"; path = "Target Support Files/Pods-QuizCardApp-QuizCardAppUITests/Pods-QuizCardApp-QuizCardAppUITests.release.xcconfig"; sourceTree = "<group>"; };
/* End PBXFileReference section */

/* Begin PBXFrameworksBuildPhase section */
		407775EF267EFAF7006F2148 /* Frameworks */ = {
			isa = PBXFrameworksBuildPhase;
			buildActionMask = 2147483647;
			files = (
				10DCB5B45188781389A70067 /* Pods_QuizCardApp.framework in Frameworks */,
			);
			runOnlyForDeploymentPostprocessing = 0;
		};
		40777605267EFAFB006F2148 /* Frameworks */ = {
			isa = PBXFrameworksBuildPhase;
			buildActionMask = 2147483647;
			files = (
				4EFCE038B1E4A8E755D45D1A /* Pods_QuizCardAppTests.framework in Frameworks */,
			);
			runOnlyForDeploymentPostprocessing = 0;
		};
		40777610267EFAFB006F2148 /* Frameworks */ = {
			isa = PBXFrameworksBuildPhase;
			buildActionMask = 2147483647;
			files = (
				A37A1C6E25BB33ABDB450E42 /* Pods_QuizCardApp_QuizCardAppUITests.framework in Frameworks */,
			);
			runOnlyForDeploymentPostprocessing = 0;
		};
/* End PBXFrameworksBuildPhase section */

/* Begin PBXGroup section */
		32CA62324BE993A224B6E837 /* Frameworks */ = {
			isa = PBXGroup;
			children = (
				D2BEC5CEAE202FA0E127AFE0 /* Pods_QuizCardApp.framework */,
				4897708C5A48F2C91EC715D6 /* Pods_QuizCardApp_QuizCardAppUITests.framework */,
				417C3B0C6DF5DBE66CFB2C7D /* Pods_QuizCardAppTests.framework */,
			);
			name = Frameworks;
			sourceTree = "<group>";
		};
		407775E9267EFAF7006F2148 = {
			isa = PBXGroup;
			children = (
				407775F4267EFAF7006F2148 /* QuizCardApp */,
				4077760B267EFAFB006F2148 /* QuizCardAppTests */,
				40777616267EFAFB006F2148 /* QuizCardAppUITests */,
				407775F3267EFAF7006F2148 /* Products */,
				4A0438F9D07347A50643BADE /* Pods */,
				32CA62324BE993A224B6E837 /* Frameworks */,
			);
			sourceTree = "<group>";
		};
		407775F3267EFAF7006F2148 /* Products */ = {
			isa = PBXGroup;
			children = (
				407775F2267EFAF7006F2148 /* QuizCardApp.app */,
				40777608267EFAFB006F2148 /* QuizCardAppTests.xctest */,
				40777613267EFAFB006F2148 /* QuizCardAppUITests.xctest */,
			);
			name = Products;
			sourceTree = "<group>";
		};
		407775F4267EFAF7006F2148 /* QuizCardApp */ = {
			isa = PBXGroup;
			children = (
				407775F5267EFAF7006F2148 /* AppDelegate.swift */,
				407775F7267EFAF7006F2148 /* SceneDelegate.swift */,
				407775F9267EFAF7006F2148 /* ViewController.swift */,
				407775FB267EFAF7006F2148 /* Main.storyboard */,
				407775FE267EFAFA006F2148 /* Assets.xcassets */,
				40777600267EFAFA006F2148 /* LaunchScreen.storyboard */,
				40777603267EFAFA006F2148 /* Info.plist */,
			);
			path = QuizCardApp;
			sourceTree = "<group>";
		};
		4077760B267EFAFB006F2148 /* QuizCardAppTests */ = {
			isa = PBXGroup;
			children = (
				4077760C267EFAFB006F2148 /* QuizCardAppTests.swift */,
				4077760E267EFAFB006F2148 /* Info.plist */,
			);
			path = QuizCardAppTests;
			sourceTree = "<group>";
		};
		40777616267EFAFB006F2148 /* QuizCardAppUITests */ = {
			isa = PBXGroup;
			children = (
				40777617267EFAFB006F2148 /* QuizCardAppUITests.swift */,
				40777619267EFAFB006F2148 /* Info.plist */,
			);
			path = QuizCardAppUITests;
			sourceTree = "<group>";
		};
		4A0438F9D07347A50643BADE /* Pods */ = {
			isa = PBXGroup;
			children = (
				BC9269748B696D0B8BE7EC5D /* Pods-QuizCardApp.debug.xcconfig */,
				775CD157D037FC61E9CE821A /* Pods-QuizCardApp.release.xcconfig */,
				C2197A80762ED2DF4DE2AC67 /* Pods-QuizCardApp-QuizCardAppUITests.debug.xcconfig */,
				E835824962D2C6459F004A26 /* Pods-QuizCardApp-QuizCardAppUITests.release.xcconfig */,
				66A9B217EB68F5C2DECD0DAD /* Pods-QuizCardAppTests.debug.xcconfig */,
				6763540B6E4CCE4CF75C07EF /* Pods-QuizCardAppTests.release.xcconfig */,
			);
			name = Pods;
			path = Pods;
			sourceTree = "<group>";
		};
/* End PBXGroup section */

/* Begin PBXNativeTarget section */
		407775F1267EFAF7006F2148 /* QuizCardApp */ = {
			isa = PBXNativeTarget;
			buildConfigurationList = 4077761C267EFAFB006F2148 /* Build configuration list for PBXNativeTarget "QuizCardApp" */;
			buildPhases = (
				35040B006C27E1A69D6F694A /* [CP] Check Pods Manifest.lock */,
				407775EE267EFAF7006F2148 /* Sources */,
				407775EF267EFAF7006F2148 /* Frameworks */,
				407775F0267EFAF7006F2148 /* Resources */,
			);
			buildRules = (
			);
			dependencies = (
			);
			name = QuizCardApp;
			productName = QuizCardApp;
			productReference = 407775F2267EFAF7006F2148 /* QuizCardApp.app */;
			productType = "com.apple.product-type.application";
		};
		40777607267EFAFB006F2148 /* QuizCardAppTests */ = {
			isa = PBXNativeTarget;
			buildConfigurationList = 4077761F267EFAFB006F2148 /* Build configuration list for PBXNativeTarget "QuizCardAppTests" */;
			buildPhases = (
				7040D4EC8E96918B4814CE3D /* [CP] Check Pods Manifest.lock */,
				40777604267EFAFB006F2148 /* Sources */,
				40777605267EFAFB006F2148 /* Frameworks */,
				40777606267EFAFB006F2148 /* Resources */,
			);
			buildRules = (
			);
			dependencies = (
				4077760A267EFAFB006F2148 /* PBXTargetDependency */,
			);
			name = QuizCardAppTests;
			productName = QuizCardAppTests;
			productReference = 40777608267EFAFB006F2148 /* QuizCardAppTests.xctest */;
			productType = "com.apple.product-type.bundle.unit-test";
		};
		40777612267EFAFB006F2148 /* QuizCardAppUITests */ = {
			isa = PBXNativeTarget;
			buildConfigurationList = 40777622267EFAFB006F2148 /* Build configuration list for PBXNativeTarget "QuizCardAppUITests" */;
			buildPhases = (
				576E7FF7699B199376B4D79F /* [CP] Check Pods Manifest.lock */,
				4077760F267EFAFB006F2148 /* Sources */,
				40777610267EFAFB006F2148 /* Frameworks */,
				40777611267EFAFB006F2148 /* Resources */,
			);
			buildRules = (
			);
			dependencies = (
				40777615267EFAFB006F2148 /* PBXTargetDependency */,
			);
			name = QuizCardAppUITests;
			productName = QuizCardAppUITests;
			productReference = 40777613267EFAFB006F2148 /* QuizCardAppUITests.xctest */;
			productType = "com.apple.product-type.bundle.ui-testing";
		};
/* End PBXNativeTarget section */

/* Begin PBXProject section */
		407775EA267EFAF7006F2148 /* Project object */ = {
			isa = PBXProject;
			attributes = {
				LastSwiftUpdateCheck = 1240;
				LastUpgradeCheck = 1240;
				TargetAttributes = {
					407775F1267EFAF7006F2148 = {
						CreatedOnToolsVersion = 12.4;
					};
					40777607267EFAFB006F2148 = {
						CreatedOnToolsVersion = 12.4;
						TestTargetID = 407775F1267EFAF7006F2148;
					};
					40777612267EFAFB006F2148 = {
						CreatedOnToolsVersion = 12.4;
						TestTargetID = 407775F1267EFAF7006F2148;
					};
				};
			};
			buildConfigurationList = 407775ED267EFAF7006F2148 /* Build configuration list for PBXProject "QuizCardApp" */;
			compatibilityVersion = "Xcode 9.3";
			developmentRegion = en;
			hasScannedForEncodings = 0;
			knownRegions = (
				en,
				Base,
			);
			mainGroup = 407775E9267EFAF7006F2148;
			productRefGroup = 407775F3267EFAF7006F2148 /* Products */;
			projectDirPath = "";
			projectRoot = "";
			targets = (
				407775F1267EFAF7006F2148 /* QuizCardApp */,
				40777607267EFAFB006F2148 /* QuizCardAppTests */,
				40777612267EFAFB006F2148 /* QuizCardAppUITests */,
			);
		};
/* End PBXProject section */

/* Begin PBXResourcesBuildPhase section */
		407775F0267EFAF7006F2148 /* Resources */ = {
			isa = PBXResourcesBuildPhase;
			buildActionMask = 2147483647;
			files = (
				40777602267EFAFA006F2148 /* LaunchScreen.storyboard in Resources */,
				407775FF267EFAFA006F2148 /* Assets.xcassets in Resources */,
				407775FD267EFAF7006F2148 /* Main.storyboard in Resources */,
			);
			runOnlyForDeploymentPostprocessing = 0;
		};
		40777606267EFAFB006F2148 /* Resources */ = {
			isa = PBXResourcesBuildPhase;
			buildActionMask = 2147483647;
			files = (
			);
			runOnlyForDeploymentPostprocessing = 0;
		};
		40777611267EFAFB006F2148 /* Resources */ = {
			isa = PBXResourcesBuildPhase;
			buildActionMask = 2147483647;
			files = (
			);
			runOnlyForDeploymentPostprocessing = 0;
		};
/* End PBXResourcesBuildPhase section */

/* Begin PBXShellScriptBuildPhase section */
		35040B006C27E1A69D6F694A /* [CP] Check Pods Manifest.lock */ = {
			isa = PBXShellScriptBuildPhase;
			buildActionMask = 2147483647;
			files = (
			);
			inputFileListPaths = (
			);
			inputPaths = (
				"${PODS_PODFILE_DIR_PATH}/Podfile.lock",
				"${PODS_ROOT}/Manifest.lock",
			);
			name = "[CP] Check Pods Manifest.lock";
			outputFileListPaths = (
			);
			outputPaths = (
				"$(DERIVED_FILE_DIR)/Pods-QuizCardApp-checkManifestLockResult.txt",
			);
			runOnlyForDeploymentPostprocessing = 0;
			shellPath = /bin/sh;
			shellScript = "diff \"${PODS_PODFILE_DIR_PATH}/Podfile.lock\" \"${PODS_ROOT}/Manifest.lock\" > /dev/null\nif [ $? != 0 ] ; then\n    # print error to STDERR\n    echo \"error: The sandbox is not in sync with the Podfile.lock. Run 'pod install' or update your CocoaPods installation.\" >&2\n    exit 1\nfi\n# This output is used by Xcode 'outputs' to avoid re-running this script phase.\necho \"SUCCESS\" > \"${SCRIPT_OUTPUT_FILE_0}\"\n";
			showEnvVarsInLog = 0;
		};
		576E7FF7699B199376B4D79F /* [CP] Check Pods Manifest.lock */ = {
			isa = PBXShellScriptBuildPhase;
			buildActionMask = 2147483647;
			files = (
			);
			inputFileListPaths = (
			);
			inputPaths = (
				"${PODS_PODFILE_DIR_PATH}/Podfile.lock",
				"${PODS_ROOT}/Manifest.lock",
			);
			name = "[CP] Check Pods Manifest.lock";
			outputFileListPaths = (
			);
			outputPaths = (
				"$(DERIVED_FILE_DIR)/Pods-QuizCardApp-QuizCardAppUITests-checkManifestLockResult.txt",
			);
			runOnlyForDeploymentPostprocessing = 0;
			shellPath = /bin/sh;
			shellScript = "diff \"${PODS_PODFILE_DIR_PATH}/Podfile.lock\" \"${PODS_ROOT}/Manifest.lock\" > /dev/null\nif [ $? != 0 ] ; then\n    # print error to STDERR\n    echo \"error: The sandbox is not in sync with the Podfile.lock. Run 'pod install' or update your CocoaPods installation.\" >&2\n    exit 1\nfi\n# This output is used by Xcode 'outputs' to avoid re-running this script phase.\necho \"SUCCESS\" > \"${SCRIPT_OUTPUT_FILE_0}\"\n";
			showEnvVarsInLog = 0;
		};
		7040D4EC8E96918B4814CE3D /* [CP] Check Pods Manifest.lock */ = {
			isa = PBXShellScriptBuildPhase;
			buildActionMask = 2147483647;
			files = (
			);
			inputFileListPaths = (
			);
			inputPaths = (
				"${PODS_PODFILE_DIR_PATH}/Podfile.lock",
				"${PODS_ROOT}/Manifest.lock",
			);
			name = "[CP] Check Pods Manifest.lock";
			outputFileListPaths = (
			);
			outputPaths = (
				"$(DERIVED_FILE_DIR)/Pods-QuizCardAppTests-checkManifestLockResult.txt",
			);
			runOnlyForDeploymentPostprocessing = 0;
			shellPath = /bin/sh;
			shellScript = "diff \"${PODS_PODFILE_DIR_PATH}/Podfile.lock\" \"${PODS_ROOT}/Manifest.lock\" > /dev/null\nif [ $? != 0 ] ; then\n    # print error to STDERR\n    echo \"error: The sandbox is not in sync with the Podfile.lock. Run 'pod install' or update your CocoaPods installation.\" >&2\n    exit 1\nfi\n# This output is used by Xcode 'outputs' to avoid re-running this script phase.\necho \"SUCCESS\" > \"${SCRIPT_OUTPUT_FILE_0}\"\n";
			showEnvVarsInLog = 0;
		};
/* End PBXShellScriptBuildPhase section */

/* Begin PBXSourcesBuildPhase section */
		407775EE267EFAF7006F2148 /* Sources */ = {
			isa = PBXSourcesBuildPhase;
			buildActionMask = 2147483647;
			files = (
				407775FA267EFAF7006F2148 /* ViewController.swift in Sources */,
				407775F6267EFAF7006F2148 /* AppDelegate.swift in Sources */,
				407775F8267EFAF7006F2148 /* SceneDelegate.swift in Sources */,
			);
			runOnlyForDeploymentPostprocessing = 0;
		};
		40777604267EFAFB006F2148 /* Sources */ = {
			isa = PBXSourcesBuildPhase;
			buildActionMask = 2147483647;
			files = (
				4077760D267EFAFB006F2148 /* QuizCardAppTests.swift in Sources */,
			);
			runOnlyForDeploymentPostprocessing = 0;
		};
		4077760F267EFAFB006F2148 /* Sources */ = {
			isa = PBXSourcesBuildPhase;
			buildActionMask = 2147483647;
			files = (
				40777618267EFAFB006F2148 /* QuizCardAppUITests.swift in Sources */,
			);
			runOnlyForDeploymentPostprocessing = 0;
		};
/* End PBXSourcesBuildPhase section */

/* Begin PBXTargetDependency section */
		4077760A267EFAFB006F2148 /* PBXTargetDependency */ = {
			isa = PBXTargetDependency;
			target = 407775F1267EFAF7006F2148 /* QuizCardApp */;
			targetProxy = 40777609267EFAFB006F2148 /* PBXContainerItemProxy */;
		};
		40777615267EFAFB006F2148 /* PBXTargetDependency */ = {
			isa = PBXTargetDependency;
			target = 407775F1267EFAF7006F2148 /* QuizCardApp */;
			targetProxy = 40777614267EFAFB006F2148 /* PBXContainerItemProxy */;
		};
/* End PBXTargetDependency section */

/* Begin PBXVariantGroup section */
		407775FB267EFAF7006F2148 /* Main.storyboard */ = {
			isa = PBXVariantGroup;
			children = (
				407775FC267EFAF7006F2148 /* Base */,
			);
			name = Main.storyboard;
			sourceTree = "<group>";
		};
		40777600267EFAFA006F2148 /* LaunchScreen.storyboard */ = {
			isa = PBXVariantGroup;
			children = (
				40777601267EFAFA006F2148 /* Base */,
			);
			name = LaunchScreen.storyboard;
			sourceTree = "<group>";
		};
/* End PBXVariantGroup section */

/* Begin XCBuildConfiguration section */
		4077761A267EFAFB006F2148 /* Debug */ = {
			isa = XCBuildConfiguration;
			buildSettings = {
				ALWAYS_SEARCH_USER_PATHS = NO;
				CLANG_ANALYZER_NONNULL = YES;
				CLANG_ANALYZER_NUMBER_OBJECT_CONVERSION = YES_AGGRESSIVE;
				CLANG_CXX_LANGUAGE_STANDARD = "gnu++14";
				CLANG_CXX_LIBRARY = "libc++";
				CLANG_ENABLE_MODULES = YES;
				CLANG_ENABLE_OBJC_ARC = YES;
				CLANG_ENABLE_OBJC_WEAK = YES;
				CLANG_WARN_BLOCK_CAPTURE_AUTORELEASING = YES;
				CLANG_WARN_BOOL_CONVERSION = YES;
				CLANG_WARN_COMMA = YES;
				CLANG_WARN_CONSTANT_CONVERSION = YES;
				CLANG_WARN_DEPRECATED_OBJC_IMPLEMENTATIONS = YES;
				CLANG_WARN_DIRECT_OBJC_ISA_USAGE = YES_ERROR;
				CLANG_WARN_DOCUMENTATION_COMMENTS = YES;
				CLANG_WARN_EMPTY_BODY = YES;
				CLANG_WARN_ENUM_CONVERSION = YES;
				CLANG_WARN_INFINITE_RECURSION = YES;
				CLANG_WARN_INT_CONVERSION = YES;
				CLANG_WARN_NON_LITERAL_NULL_CONVERSION = YES;
				CLANG_WARN_OBJC_IMPLICIT_RETAIN_SELF = YES;
				CLANG_WARN_OBJC_LITERAL_CONVERSION = YES;
				CLANG_WARN_OBJC_ROOT_CLASS = YES_ERROR;
				CLANG_WARN_QUOTED_INCLUDE_IN_FRAMEWORK_HEADER = YES;
				CLANG_WARN_RANGE_LOOP_ANALYSIS = YES;
				CLANG_WARN_STRICT_PROTOTYPES = YES;
				CLANG_WARN_SUSPICIOUS_MOVE = YES;
				CLANG_WARN_UNGUARDED_AVAILABILITY = YES_AGGRESSIVE;
				CLANG_WARN_UNREACHABLE_CODE = YES;
				CLANG_WARN__DUPLICATE_METHOD_MATCH = YES;
				COPY_PHASE_STRIP = NO;
				DEBUG_INFORMATION_FORMAT = dwarf;
				ENABLE_STRICT_OBJC_MSGSEND = YES;
				ENABLE_TESTABILITY = YES;
				GCC_C_LANGUAGE_STANDARD = gnu11;
				GCC_DYNAMIC_NO_PIC = NO;
				GCC_NO_COMMON_BLOCKS = YES;
				GCC_OPTIMIZATION_LEVEL = 0;
				GCC_PREPROCESSOR_DEFINITIONS = (
					"DEBUG=1",
					"$(inherited)",
				);
				GCC_WARN_64_TO_32_BIT_CONVERSION = YES;
				GCC_WARN_ABOUT_RETURN_TYPE = YES_ERROR;
				GCC_WARN_UNDECLARED_SELECTOR = YES;
				GCC_WARN_UNINITIALIZED_AUTOS = YES_AGGRESSIVE;
				GCC_WARN_UNUSED_FUNCTION = YES;
				GCC_WARN_UNUSED_VARIABLE = YES;
				IPHONEOS_DEPLOYMENT_TARGET = 14.4;
				MTL_ENABLE_DEBUG_INFO = INCLUDE_SOURCE;
				MTL_FAST_MATH = YES;
				ONLY_ACTIVE_ARCH = YES;
				SDKROOT = iphoneos;
				SWIFT_ACTIVE_COMPILATION_CONDITIONS = DEBUG;
				SWIFT_OPTIMIZATION_LEVEL = "-Onone";
			};
			name = Debug;
		};
		4077761B267EFAFB006F2148 /* Release */ = {
			isa = XCBuildConfiguration;
			buildSettings = {
				ALWAYS_SEARCH_USER_PATHS = NO;
				CLANG_ANALYZER_NONNULL = YES;
				CLANG_ANALYZER_NUMBER_OBJECT_CONVERSION = YES_AGGRESSIVE;
				CLANG_CXX_LANGUAGE_STANDARD = "gnu++14";
				CLANG_CXX_LIBRARY = "libc++";
				CLANG_ENABLE_MODULES = YES;
				CLANG_ENABLE_OBJC_ARC = YES;
				CLANG_ENABLE_OBJC_WEAK = YES;
				CLANG_WARN_BLOCK_CAPTURE_AUTORELEASING = YES;
				CLANG_WARN_BOOL_CONVERSION = YES;
				CLANG_WARN_COMMA = YES;
				CLANG_WARN_CONSTANT_CONVERSION = YES;
				CLANG_WARN_DEPRECATED_OBJC_IMPLEMENTATIONS = YES;
				CLANG_WARN_DIRECT_OBJC_ISA_USAGE = YES_ERROR;
				CLANG_WARN_DOCUMENTATION_COMMENTS = YES;
				CLANG_WARN_EMPTY_BODY = YES;
				CLANG_WARN_ENUM_CONVERSION = YES;
				CLANG_WARN_INFINITE_RECURSION = YES;
				CLANG_WARN_INT_CONVERSION = YES;
				CLANG_WARN_NON_LITERAL_NULL_CONVERSION = YES;
				CLANG_WARN_OBJC_IMPLICIT_RETAIN_SELF = YES;
				CLANG_WARN_OBJC_LITERAL_CONVERSION = YES;
				CLANG_WARN_OBJC_ROOT_CLASS = YES_ERROR;
				CLANG_WARN_QUOTED_INCLUDE_IN_FRAMEWORK_HEADER = YES;
				CLANG_WARN_RANGE_LOOP_ANALYSIS = YES;
				CLANG_WARN_STRICT_PROTOTYPES = YES;
				CLANG_WARN_SUSPICIOUS_MOVE = YES;
				CLANG_WARN_UNGUARDED_AVAILABILITY = YES_AGGRESSIVE;
				CLANG_WARN_UNREACHABLE_CODE = YES;
				CLANG_WARN__DUPLICATE_METHOD_MATCH = YES;
				COPY_PHASE_STRIP = NO;
				DEBUG_INFORMATION_FORMAT = "dwarf-with-dsym";
				ENABLE_NS_ASSERTIONS = NO;
				ENABLE_STRICT_OBJC_MSGSEND = YES;
				GCC_C_LANGUAGE_STANDARD = gnu11;
				GCC_NO_COMMON_BLOCKS = YES;
				GCC_WARN_64_TO_32_BIT_CONVERSION = YES;
				GCC_WARN_ABOUT_RETURN_TYPE = YES_ERROR;
				GCC_WARN_UNDECLARED_SELECTOR = YES;
				GCC_WARN_UNINITIALIZED_AUTOS = YES_AGGRESSIVE;
				GCC_WARN_UNUSED_FUNCTION = YES;
				GCC_WARN_UNUSED_VARIABLE = YES;
				IPHONEOS_DEPLOYMENT_TARGET = 14.4;
				MTL_ENABLE_DEBUG_INFO = NO;
				MTL_FAST_MATH = YES;
				SDKROOT = iphoneos;
				SWIFT_COMPILATION_MODE = wholemodule;
				SWIFT_OPTIMIZATION_LEVEL = "-O";
				VALIDATE_PRODUCT = YES;
			};
			name = Release;
		};
		4077761D267EFAFB006F2148 /* Debug */ = {
			isa = XCBuildConfiguration;
			baseConfigurationReference = BC9269748B696D0B8BE7EC5D /* Pods-QuizCardApp.debug.xcconfig */;
			buildSettings = {
				ASSETCATALOG_COMPILER_APPICON_NAME = AppIcon;
				ASSETCATALOG_COMPILER_GLOBAL_ACCENT_COLOR_NAME = AccentColor;
				CODE_SIGN_STYLE = Automatic;
				DEVELOPMENT_TEAM = 6L95GP9HQV;
				INFOPLIST_FILE = QuizCardApp/Info.plist;
				LD_RUNPATH_SEARCH_PATHS = (
					"$(inherited)",
					"@executable_path/Frameworks",
				);
				PRODUCT_BUNDLE_IDENTIFIER = com.tomsan.QuizCardApp;
				PRODUCT_NAME = "$(TARGET_NAME)";
				SWIFT_VERSION = 5.0;
				TARGETED_DEVICE_FAMILY = "1,2";
			};
			name = Debug;
		};
		4077761E267EFAFB006F2148 /* Release */ = {
			isa = XCBuildConfiguration;
			baseConfigurationReference = 775CD157D037FC61E9CE821A /* Pods-QuizCardApp.release.xcconfig */;
			buildSettings = {
				ASSETCATALOG_COMPILER_APPICON_NAME = AppIcon;
				ASSETCATALOG_COMPILER_GLOBAL_ACCENT_COLOR_NAME = AccentColor;
				CODE_SIGN_STYLE = Automatic;
				DEVELOPMENT_TEAM = 6L95GP9HQV;
				INFOPLIST_FILE = QuizCardApp/Info.plist;
				LD_RUNPATH_SEARCH_PATHS = (
					"$(inherited)",
					"@executable_path/Frameworks",
				);
				PRODUCT_BUNDLE_IDENTIFIER = com.tomsan.QuizCardApp;
				PRODUCT_NAME = "$(TARGET_NAME)";
				SWIFT_VERSION = 5.0;
				TARGETED_DEVICE_FAMILY = "1,2";
			};
			name = Release;
		};
		40777620267EFAFB006F2148 /* Debug */ = {
			isa = XCBuildConfiguration;
			baseConfigurationReference = 66A9B217EB68F5C2DECD0DAD /* Pods-QuizCardAppTests.debug.xcconfig */;
			buildSettings = {
				ALWAYS_EMBED_SWIFT_STANDARD_LIBRARIES = YES;
				BUNDLE_LOADER = "$(TEST_HOST)";
				CODE_SIGN_STYLE = Automatic;
				DEVELOPMENT_TEAM = 6L95GP9HQV;
				INFOPLIST_FILE = QuizCardAppTests/Info.plist;
				IPHONEOS_DEPLOYMENT_TARGET = 14.4;
				LD_RUNPATH_SEARCH_PATHS = (
					"$(inherited)",
					"@executable_path/Frameworks",
					"@loader_path/Frameworks",
				);
				PRODUCT_BUNDLE_IDENTIFIER = com.tomsan.QuizCardAppTests;
				PRODUCT_NAME = "$(TARGET_NAME)";
				SWIFT_VERSION = 5.0;
				TARGETED_DEVICE_FAMILY = "1,2";
				TEST_HOST = "$(BUILT_PRODUCTS_DIR)/QuizCardApp.app/QuizCardApp";
			};
			name = Debug;
		};
		40777621267EFAFB006F2148 /* Release */ = {
			isa = XCBuildConfiguration;
			baseConfigurationReference = 6763540B6E4CCE4CF75C07EF /* Pods-QuizCardAppTests.release.xcconfig */;
			buildSettings = {
				ALWAYS_EMBED_SWIFT_STANDARD_LIBRARIES = YES;
				BUNDLE_LOADER = "$(TEST_HOST)";
				CODE_SIGN_STYLE = Automatic;
				DEVELOPMENT_TEAM = 6L95GP9HQV;
				INFOPLIST_FILE = QuizCardAppTests/Info.plist;
				IPHONEOS_DEPLOYMENT_TARGET = 14.4;
				LD_RUNPATH_SEARCH_PATHS = (
					"$(inherited)",
					"@executable_path/Frameworks",
					"@loader_path/Frameworks",
				);
				PRODUCT_BUNDLE_IDENTIFIER = com.tomsan.QuizCardAppTests;
				PRODUCT_NAME = "$(TARGET_NAME)";
				SWIFT_VERSION = 5.0;
				TARGETED_DEVICE_FAMILY = "1,2";
				TEST_HOST = "$(BUILT_PRODUCTS_DIR)/QuizCardApp.app/QuizCardApp";
			};
			name = Release;
		};
		40777623267EFAFB006F2148 /* Debug */ = {
			isa = XCBuildConfiguration;
			baseConfigurationReference = C2197A80762ED2DF4DE2AC67 /* Pods-QuizCardApp-QuizCardAppUITests.debug.xcconfig */;
			buildSettings = {
				ALWAYS_EMBED_SWIFT_STANDARD_LIBRARIES = YES;
				CODE_SIGN_STYLE = Automatic;
				DEVELOPMENT_TEAM = 6L95GP9HQV;
				INFOPLIST_FILE = QuizCardAppUITests/Info.plist;
				LD_RUNPATH_SEARCH_PATHS = (
					"$(inherited)",
					"@executable_path/Frameworks",
					"@loader_path/Frameworks",
				);
				PRODUCT_BUNDLE_IDENTIFIER = com.tomsan.QuizCardAppUITests;
				PRODUCT_NAME = "$(TARGET_NAME)";
				SWIFT_VERSION = 5.0;
				TARGETED_DEVICE_FAMILY = "1,2";
				TEST_TARGET_NAME = QuizCardApp;
			};
			name = Debug;
		};
		40777624267EFAFB006F2148 /* Release */ = {
			isa = XCBuildConfiguration;
			baseConfigurationReference = E835824962D2C6459F004A26 /* Pods-QuizCardApp-QuizCardAppUITests.release.xcconfig */;
			buildSettings = {
				ALWAYS_EMBED_SWIFT_STANDARD_LIBRARIES = YES;
				CODE_SIGN_STYLE = Automatic;
				DEVELOPMENT_TEAM = 6L95GP9HQV;
				INFOPLIST_FILE = QuizCardAppUITests/Info.plist;
				LD_RUNPATH_SEARCH_PATHS = (
					"$(inherited)",
					"@executable_path/Frameworks",
					"@loader_path/Frameworks",
				);
				PRODUCT_BUNDLE_IDENTIFIER = com.tomsan.QuizCardAppUITests;
				PRODUCT_NAME = "$(TARGET_NAME)";
				SWIFT_VERSION = 5.0;
				TARGETED_DEVICE_FAMILY = "1,2";
				TEST_TARGET_NAME = QuizCardApp;
			};
			name = Release;
		};
/* End XCBuildConfiguration section */

/* Begin XCConfigurationList section */
		407775ED267EFAF7006F2148 /* Build configuration list for PBXProject "QuizCardApp" */ = {
			isa = XCConfigurationList;
			buildConfigurations = (
				4077761A267EFAFB006F2148 /* Debug */,
				4077761B267EFAFB006F2148 /* Release */,
			);
			defaultConfigurationIsVisible = 0;
			defaultConfigurationName = Release;
		};
		4077761C267EFAFB006F2148 /* Build configuration list for PBXNativeTarget "QuizCardApp" */ = {
			isa = XCConfigurationList;
			buildConfigurations = (
				4077761D267EFAFB006F2148 /* Debug */,
				4077761E267EFAFB006F2148 /* Release */,
			);
			defaultConfigurationIsVisible = 0;
			defaultConfigurationName = Release;
		};
		4077761F267EFAFB006F2148 /* Build configuration list for PBXNativeTarget "QuizCardAppTests" */ = {
			isa = XCConfigurationList;
			buildConfigurations = (
				40777620267EFAFB006F2148 /* Debug */,
				40777621267EFAFB006F2148 /* Release */,
			);
			defaultConfigurationIsVisible = 0;
			defaultConfigurationName = Release;
		};
		40777622267EFAFB006F2148 /* Build configuration list for PBXNativeTarget "QuizCardAppUITests" */ = {
			isa = XCConfigurationList;
			buildConfigurations = (
				40777623267EFAFB006F2148 /* Debug */,
				40777624267EFAFB006F2148 /* Release */,
			);
			defaultConfigurationIsVisible = 0;
			defaultConfigurationName = Release;
		};
/* End XCConfigurationList section */
	};
	rootObject = 407775EA267EFAF7006F2148 /* Project object */;
}
